{
  "requires": true,
  "lockfileVersion": 1,
  "dependencies": {
    "codemirror": {
      "version": "5.53.2",
      "resolved": "https://registry.npmjs.org/codemirror/-/codemirror-5.53.2.tgz",
      "integrity": "sha512-wvSQKS4E+P8Fxn/AQ+tQtJnF1qH5UOlxtugFLpubEZ5jcdH2iXTVinb+Xc/4QjshuOxRm4fUsU2QPF1JJKiyXA=="
    },
    "jqueryui": {
      "version": "1.11.1",
      "resolved": "https://registry.npmjs.org/jqueryui/-/jqueryui-1.11.1.tgz",
      "integrity": "sha1-hxhVBwX1Vo0RmRlhaQlNtzsikbw="
    },
    "node": {
      "version": "11.13.0",
      "resolved": "https://registry.npmjs.org/node/-/node-11.13.0.tgz",
      "integrity": "sha512-Ak7+1LVX2IYFetW8SO5tk/4hn/JzhirAkB3430KHEcGSVdruOs6KbvNBE+MXDa98aBSSS9WJ/6p10YoY3HiEBQ==",
      "requires": {
        "node-bin-setup": "^1.0.0"
      }
    },
    "node-bin-setup": {
      "version": "1.0.6",
      "resolved": "https://registry.npmjs.org/node-bin-setup/-/node-bin-setup-1.0.6.tgz",
      "integrity": "sha512-uPIxXNis1CRbv1DwqAxkgBk5NFV3s7cMN/Gf556jSw6jBvV7ca4F9lRL/8cALcZecRibeqU+5dFYqFFmzv5a0Q=="
    }
  }
}
